// !$*UTF8*$!
{
	archiveVersion = 1;
	classes = {
	};
	objectVersion = 56;
	objects = {

/* Begin PBXBuildFile section */
		1656D18F2AFEA9D0005C72C9 /* AppDelegate.swift in Sources */ = {isa = PBXBuildFile; fileRef = 1656D18E2AFEA9D0005C72C9 /* AppDelegate.swift */; };
		1656D1932AFEA9D0005C72C9 /* OrderViewController.swift in Sources */ = {isa = PBXBuildFile; fileRef = 1656D1922AFEA9D0005C72C9 /* OrderViewController.swift */; };
		1656D1982AFEA9D2005C72C9 /* Assets.xcassets in Resources */ = {isa = PBXBuildFile; fileRef = 1656D1972AFEA9D2005C72C9 /* Assets.xcassets */; };
		1656D19B2AFEA9D2005C72C9 /* LaunchScreen.storyboard in Resources */ = {isa = PBXBuildFile; fileRef = 1656D1992AFEA9D2005C72C9 /* LaunchScreen.storyboard */; };
		1656D1A62AFEA9D2005C72C9 /* POC_CustomizeYourOrderTests.swift in Sources */ = {isa = PBXBuildFile; fileRef = 1656D1A52AFEA9D2005C72C9 /* POC_CustomizeYourOrderTests.swift */; };
		1656D1B02AFEA9D2005C72C9 /* POC_CustomizeYourOrderUITests.swift in Sources */ = {isa = PBXBuildFile; fileRef = 1656D1AF2AFEA9D2005C72C9 /* POC_CustomizeYourOrderUITests.swift */; };
		1656D1B22AFEA9D2005C72C9 /* POC_CustomizeYourOrderUITestsLaunchTests.swift in Sources */ = {isa = PBXBuildFile; fileRef = 1656D1B12AFEA9D2005C72C9 /* POC_CustomizeYourOrderUITestsLaunchTests.swift */; };
		1656D1C82AFEE677005C72C9 /* OrderView.swift in Sources */ = {isa = PBXBuildFile; fileRef = 1656D1C72AFEE677005C72C9 /* OrderView.swift */; };
		1656D1CA2AFEE76F005C72C9 /* CodableView.swift in Sources */ = {isa = PBXBuildFile; fileRef = 1656D1C92AFEE76F005C72C9 /* CodableView.swift */; };
		1656D1D52AFF284D005C72C9 /* TitleSectionView.swift in Sources */ = {isa = PBXBuildFile; fileRef = 1656D1D42AFF284D005C72C9 /* TitleSectionView.swift */; };
		1656D1D72AFF2C2E005C72C9 /* String+Extension.swift in Sources */ = {isa = PBXBuildFile; fileRef = 1656D1D62AFF2C2E005C72C9 /* String+Extension.swift */; };
		3537900209001EDDA38BA4E6 /* Pods_POC_CustomizeYourOrderTests.framework in Frameworks */ = {isa = PBXBuildFile; fileRef = 69E86A59F648438D2A42FFAF /* Pods_POC_CustomizeYourOrderTests.framework */; };
		B4C3E637A85538BC1062D491 /* Pods_POC_CustomizeYourOrder_POC_CustomizeYourOrderUITests.framework in Frameworks */ = {isa = PBXBuildFile; fileRef = 67599763B224DBE702848349 /* Pods_POC_CustomizeYourOrder_POC_CustomizeYourOrderUITests.framework */; };
		D5AAE0612CE334B1087B3A95 /* Pods_POC_CustomizeYourOrder.framework in Frameworks */ = {isa = PBXBuildFile; fileRef = 7953352F44186FCB5A687965 /* Pods_POC_CustomizeYourOrder.framework */; };
/* End PBXBuildFile section */

/* Begin PBXContainerItemProxy section */
		1656D1A22AFEA9D2005C72C9 /* PBXContainerItemProxy */ = {
			isa = PBXContainerItemProxy;
			containerPortal = 1656D1832AFEA9D0005C72C9 /* Project object */;
			proxyType = 1;
			remoteGlobalIDString = 1656D18A2AFEA9D0005C72C9;
			remoteInfo = POC_CustomizeYourOrder;
		};
		1656D1AC2AFEA9D2005C72C9 /* PBXContainerItemProxy */ = {
			isa = PBXContainerItemProxy;
			containerPortal = 1656D1832AFEA9D0005C72C9 /* Project object */;
			proxyType = 1;
			remoteGlobalIDString = 1656D18A2AFEA9D0005C72C9;
			remoteInfo = POC_CustomizeYourOrder;
		};
/* End PBXContainerItemProxy section */

/* Begin PBXFileReference section */
		00915A23781F0BB2F761E55E /* Pods-POC_CustomizeYourOrder.release.xcconfig */ = {isa = PBXFileReference; includeInIndex = 1; lastKnownFileType = text.xcconfig; name = "Pods-POC_CustomizeYourOrder.release.xcconfig"; path = "Target Support Files/Pods-POC_CustomizeYourOrder/Pods-POC_CustomizeYourOrder.release.xcconfig"; sourceTree = "<group>"; };
		05445939AC187F367DAFCAE2 /* Pods-POC_CustomizeYourOrderTests.release.xcconfig */ = {isa = PBXFileReference; includeInIndex = 1; lastKnownFileType = text.xcconfig; name = "Pods-POC_CustomizeYourOrderTests.release.xcconfig"; path = "Target Support Files/Pods-POC_CustomizeYourOrderTests/Pods-POC_CustomizeYourOrderTests.release.xcconfig"; sourceTree = "<group>"; };
		163E45F3F6B0D25F7127C35E /* Pods-POC_CustomizeYourOrder-POC_CustomizeYourOrderUITests.release.xcconfig */ = {isa = PBXFileReference; includeInIndex = 1; lastKnownFileType = text.xcconfig; name = "Pods-POC_CustomizeYourOrder-POC_CustomizeYourOrderUITests.release.xcconfig"; path = "Target Support Files/Pods-POC_CustomizeYourOrder-POC_CustomizeYourOrderUITests/Pods-POC_CustomizeYourOrder-POC_CustomizeYourOrderUITests.release.xcconfig"; sourceTree = "<group>"; };
		1656D18B2AFEA9D0005C72C9 /* POC_CustomizeYourOrder.app */ = {isa = PBXFileReference; explicitFileType = wrapper.application; includeInIndex = 0; path = POC_CustomizeYourOrder.app; sourceTree = BUILT_PRODUCTS_DIR; };
		1656D18E2AFEA9D0005C72C9 /* AppDelegate.swift */ = {isa = PBXFileReference; lastKnownFileType = sourcecode.swift; path = AppDelegate.swift; sourceTree = "<group>"; };
		1656D1922AFEA9D0005C72C9 /* OrderViewController.swift */ = {isa = PBXFileReference; lastKnownFileType = sourcecode.swift; path = OrderViewController.swift; sourceTree = "<group>"; };
		1656D1972AFEA9D2005C72C9 /* Assets.xcassets */ = {isa = PBXFileReference; lastKnownFileType = folder.assetcatalog; path = Assets.xcassets; sourceTree = "<group>"; };
		1656D19A2AFEA9D2005C72C9 /* Base */ = {isa = PBXFileReference; lastKnownFileType = file.storyboard; name = Base; path = Base.lproj/LaunchScreen.storyboard; sourceTree = "<group>"; };
		1656D19C2AFEA9D2005C72C9 /* Info.plist */ = {isa = PBXFileReference; lastKnownFileType = text.plist.xml; path = Info.plist; sourceTree = "<group>"; };
		1656D1A12AFEA9D2005C72C9 /* POC_CustomizeYourOrderTests.xctest */ = {isa = PBXFileReference; explicitFileType = wrapper.cfbundle; includeInIndex = 0; path = POC_CustomizeYourOrderTests.xctest; sourceTree = BUILT_PRODUCTS_DIR; };
		1656D1A52AFEA9D2005C72C9 /* POC_CustomizeYourOrderTests.swift */ = {isa = PBXFileReference; lastKnownFileType = sourcecode.swift; path = POC_CustomizeYourOrderTests.swift; sourceTree = "<group>"; };
		1656D1AB2AFEA9D2005C72C9 /* POC_CustomizeYourOrderUITests.xctest */ = {isa = PBXFileReference; explicitFileType = wrapper.cfbundle; includeInIndex = 0; path = POC_CustomizeYourOrderUITests.xctest; sourceTree = BUILT_PRODUCTS_DIR; };
		1656D1AF2AFEA9D2005C72C9 /* POC_CustomizeYourOrderUITests.swift */ = {isa = PBXFileReference; lastKnownFileType = sourcecode.swift; path = POC_CustomizeYourOrderUITests.swift; sourceTree = "<group>"; };
		1656D1B12AFEA9D2005C72C9 /* POC_CustomizeYourOrderUITestsLaunchTests.swift */ = {isa = PBXFileReference; lastKnownFileType = sourcecode.swift; path = POC_CustomizeYourOrderUITestsLaunchTests.swift; sourceTree = "<group>"; };
		1656D1C72AFEE677005C72C9 /* OrderView.swift */ = {isa = PBXFileReference; lastKnownFileType = sourcecode.swift; path = OrderView.swift; sourceTree = "<group>"; };
		1656D1C92AFEE76F005C72C9 /* CodableView.swift */ = {isa = PBXFileReference; lastKnownFileType = sourcecode.swift; path = CodableView.swift; sourceTree = "<group>"; };
		1656D1D42AFF284D005C72C9 /* TitleSectionView.swift */ = {isa = PBXFileReference; lastKnownFileType = sourcecode.swift; path = TitleSectionView.swift; sourceTree = "<group>"; };
		1656D1D62AFF2C2E005C72C9 /* String+Extension.swift */ = {isa = PBXFileReference; lastKnownFileType = sourcecode.swift; path = "String+Extension.swift"; sourceTree = "<group>"; };
		67599763B224DBE702848349 /* Pods_POC_CustomizeYourOrder_POC_CustomizeYourOrderUITests.framework */ = {isa = PBXFileReference; explicitFileType = wrapper.framework; includeInIndex = 0; path = Pods_POC_CustomizeYourOrder_POC_CustomizeYourOrderUITests.framework; sourceTree = BUILT_PRODUCTS_DIR; };
		69E86A59F648438D2A42FFAF /* Pods_POC_CustomizeYourOrderTests.framework */ = {isa = PBXFileReference; explicitFileType = wrapper.framework; includeInIndex = 0; path = Pods_POC_CustomizeYourOrderTests.framework; sourceTree = BUILT_PRODUCTS_DIR; };
		70C28E5679813FBA0029C5F6 /* Pods-POC_CustomizeYourOrder-POC_CustomizeYourOrderUITests.debug.xcconfig */ = {isa = PBXFileReference; includeInIndex = 1; lastKnownFileType = text.xcconfig; name = "Pods-POC_CustomizeYourOrder-POC_CustomizeYourOrderUITests.debug.xcconfig"; path = "Target Support Files/Pods-POC_CustomizeYourOrder-POC_CustomizeYourOrderUITests/Pods-POC_CustomizeYourOrder-POC_CustomizeYourOrderUITests.debug.xcconfig"; sourceTree = "<group>"; };
		7953352F44186FCB5A687965 /* Pods_POC_CustomizeYourOrder.framework */ = {isa = PBXFileReference; explicitFileType = wrapper.framework; includeInIndex = 0; path = Pods_POC_CustomizeYourOrder.framework; sourceTree = BUILT_PRODUCTS_DIR; };
		C42AA3F6F4ABC784D569061C /* Pods-POC_CustomizeYourOrderTests.debug.xcconfig */ = {isa = PBXFileReference; includeInIndex = 1; lastKnownFileType = text.xcconfig; name = "Pods-POC_CustomizeYourOrderTests.debug.xcconfig"; path = "Target Support Files/Pods-POC_CustomizeYourOrderTests/Pods-POC_CustomizeYourOrderTests.debug.xcconfig"; sourceTree = "<group>"; };
		C9D582843BACF9A661213A1F /* Pods-POC_CustomizeYourOrder.debug.xcconfig */ = {isa = PBXFileReference; includeInIndex = 1; lastKnownFileType = text.xcconfig; name = "Pods-POC_CustomizeYourOrder.debug.xcconfig"; path = "Target Support Files/Pods-POC_CustomizeYourOrder/Pods-POC_CustomizeYourOrder.debug.xcconfig"; sourceTree = "<group>"; };
/* End PBXFileReference section */

/* Begin PBXFrameworksBuildPhase section */
		1656D1882AFEA9D0005C72C9 /* Frameworks */ = {
			isa = PBXFrameworksBuildPhase;
			buildActionMask = 2147483647;
			files = (
				D5AAE0612CE334B1087B3A95 /* Pods_POC_CustomizeYourOrder.framework in Frameworks */,
			);
			runOnlyForDeploymentPostprocessing = 0;
		};
		1656D19E2AFEA9D2005C72C9 /* Frameworks */ = {
			isa = PBXFrameworksBuildPhase;
			buildActionMask = 2147483647;
			files = (
				3537900209001EDDA38BA4E6 /* Pods_POC_CustomizeYourOrderTests.framework in Frameworks */,
			);
			runOnlyForDeploymentPostprocessing = 0;
		};
		1656D1A82AFEA9D2005C72C9 /* Frameworks */ = {
			isa = PBXFrameworksBuildPhase;
			buildActionMask = 2147483647;
			files = (
				B4C3E637A85538BC1062D491 /* Pods_POC_CustomizeYourOrder_POC_CustomizeYourOrderUITests.framework in Frameworks */,
			);
			runOnlyForDeploymentPostprocessing = 0;
		};
/* End PBXFrameworksBuildPhase section */

/* Begin PBXGroup section */
		1656D1822AFEA9D0005C72C9 = {
			isa = PBXGroup;
			children = (
				1656D18D2AFEA9D0005C72C9 /* POC_CustomizeYourOrder */,
				1656D1A42AFEA9D2005C72C9 /* POC_CustomizeYourOrderTests */,
				1656D1AE2AFEA9D2005C72C9 /* POC_CustomizeYourOrderUITests */,
				1656D18C2AFEA9D0005C72C9 /* Products */,
				6CCA0A0B5083B604577D6A3B /* Pods */,
				34A5A74A7AC92141116A18C2 /* Frameworks */,
			);
			sourceTree = "<group>";
		};
		1656D18C2AFEA9D0005C72C9 /* Products */ = {
			isa = PBXGroup;
			children = (
				1656D18B2AFEA9D0005C72C9 /* POC_CustomizeYourOrder.app */,
				1656D1A12AFEA9D2005C72C9 /* POC_CustomizeYourOrderTests.xctest */,
				1656D1AB2AFEA9D2005C72C9 /* POC_CustomizeYourOrderUITests.xctest */,
			);
			name = Products;
			sourceTree = "<group>";
		};
		1656D18D2AFEA9D0005C72C9 /* POC_CustomizeYourOrder */ = {
			isa = PBXGroup;
			children = (
				1656D1C32AFEAC1D005C72C9 /* UI */,
				1656D1C02AFEABDF005C72C9 /* Domain */,
				1656D1BF2AFEABC5005C72C9 /* Core */,
				1656D1BE2AFEAB54005C72C9 /* Commons */,
				1656D19C2AFEA9D2005C72C9 /* Info.plist */,
			);
			path = POC_CustomizeYourOrder;
			sourceTree = "<group>";
		};
		1656D1A42AFEA9D2005C72C9 /* POC_CustomizeYourOrderTests */ = {
			isa = PBXGroup;
			children = (
				1656D1A52AFEA9D2005C72C9 /* POC_CustomizeYourOrderTests.swift */,
			);
			path = POC_CustomizeYourOrderTests;
			sourceTree = "<group>";
		};
		1656D1AE2AFEA9D2005C72C9 /* POC_CustomizeYourOrderUITests */ = {
			isa = PBXGroup;
			children = (
				1656D1AF2AFEA9D2005C72C9 /* POC_CustomizeYourOrderUITests.swift */,
				1656D1B12AFEA9D2005C72C9 /* POC_CustomizeYourOrderUITestsLaunchTests.swift */,
			);
			path = POC_CustomizeYourOrderUITests;
			sourceTree = "<group>";
		};
		1656D1BE2AFEAB54005C72C9 /* Commons */ = {
			isa = PBXGroup;
			children = (
				1656D1C22AFEAC02005C72C9 /* Resources */,
				1656D1C12AFEABEB005C72C9 /* Extensions */,
				1656D1C92AFEE76F005C72C9 /* CodableView.swift */,
			);
			path = Commons;
			sourceTree = "<group>";
		};
		1656D1BF2AFEABC5005C72C9 /* Core */ = {
			isa = PBXGroup;
			children = (
				1656D18E2AFEA9D0005C72C9 /* AppDelegate.swift */,
			);
			path = Core;
			sourceTree = "<group>";
		};
		1656D1C02AFEABDF005C72C9 /* Domain */ = {
			isa = PBXGroup;
			children = (
			);
			path = Domain;
			sourceTree = "<group>";
		};
		1656D1C12AFEABEB005C72C9 /* Extensions */ = {
			isa = PBXGroup;
			children = (
				1656D1D62AFF2C2E005C72C9 /* String+Extension.swift */,
			);
			path = Extensions;
			sourceTree = "<group>";
		};
		1656D1C22AFEAC02005C72C9 /* Resources */ = {
			isa = PBXGroup;
			children = (
				1656D1972AFEA9D2005C72C9 /* Assets.xcassets */,
			);
			path = Resources;
			sourceTree = "<group>";
		};
		1656D1C32AFEAC1D005C72C9 /* UI */ = {
			isa = PBXGroup;
			children = (
				1656D1CD2AFEEF8F005C72C9 /* Protocols */,
				1656D1C62AFEAC67005C72C9 /* OrderItem */,
				1656D1C52AFEAC5E005C72C9 /* Components */,
				1656D1C42AFEAC28005C72C9 /* LaunchScreen */,
			);
			path = UI;
			sourceTree = "<group>";
		};
		1656D1C42AFEAC28005C72C9 /* LaunchScreen */ = {
			isa = PBXGroup;
			children = (
				1656D1992AFEA9D2005C72C9 /* LaunchScreen.storyboard */,
			);
			path = LaunchScreen;
			sourceTree = "<group>";
		};
		1656D1C52AFEAC5E005C72C9 /* Components */ = {
			isa = PBXGroup;
			children = (
				1656D1D42AFF284D005C72C9 /* TitleSectionView.swift */,
			);
			path = Components;
			sourceTree = "<group>";
		};
		1656D1C62AFEAC67005C72C9 /* OrderItem */ = {
			isa = PBXGroup;
			children = (
				1656D1922AFEA9D0005C72C9 /* OrderViewController.swift */,
				1656D1C72AFEE677005C72C9 /* OrderView.swift */,
			);
			path = OrderItem;
			sourceTree = "<group>";
		};
		1656D1CD2AFEEF8F005C72C9 /* Protocols */ = {
			isa = PBXGroup;
			children = (
			);
			path = Protocols;
			sourceTree = "<group>";
		};
		34A5A74A7AC92141116A18C2 /* Frameworks */ = {
			isa = PBXGroup;
			children = (
				7953352F44186FCB5A687965 /* Pods_POC_CustomizeYourOrder.framework */,
				67599763B224DBE702848349 /* Pods_POC_CustomizeYourOrder_POC_CustomizeYourOrderUITests.framework */,
				69E86A59F648438D2A42FFAF /* Pods_POC_CustomizeYourOrderTests.framework */,
			);
			name = Frameworks;
			sourceTree = "<group>";
		};
		6CCA0A0B5083B604577D6A3B /* Pods */ = {
			isa = PBXGroup;
			children = (
				C9D582843BACF9A661213A1F /* Pods-POC_CustomizeYourOrder.debug.xcconfig */,
				00915A23781F0BB2F761E55E /* Pods-POC_CustomizeYourOrder.release.xcconfig */,
				70C28E5679813FBA0029C5F6 /* Pods-POC_CustomizeYourOrder-POC_CustomizeYourOrderUITests.debug.xcconfig */,
				163E45F3F6B0D25F7127C35E /* Pods-POC_CustomizeYourOrder-POC_CustomizeYourOrderUITests.release.xcconfig */,
				C42AA3F6F4ABC784D569061C /* Pods-POC_CustomizeYourOrderTests.debug.xcconfig */,
				05445939AC187F367DAFCAE2 /* Pods-POC_CustomizeYourOrderTests.release.xcconfig */,
			);
			path = Pods;
			sourceTree = "<group>";
		};
/* End PBXGroup section */

/* Begin PBXNativeTarget section */
		1656D18A2AFEA9D0005C72C9 /* POC_CustomizeYourOrder */ = {
			isa = PBXNativeTarget;
			buildConfigurationList = 1656D1B52AFEA9D2005C72C9 /* Build configuration list for PBXNativeTarget "POC_CustomizeYourOrder" */;
			buildPhases = (
				2CCFC19FB55FC8EB0D3D0458 /* [CP] Check Pods Manifest.lock */,
				1656D1872AFEA9D0005C72C9 /* Sources */,
				1656D1882AFEA9D0005C72C9 /* Frameworks */,
				1656D1892AFEA9D0005C72C9 /* Resources */,
				52548D903F75F8B745D9061B /* [CP] Embed Pods Frameworks */,
			);
			buildRules = (
			);
			dependencies = (
			);
			name = POC_CustomizeYourOrder;
			productName = POC_CustomizeYourOrder;
			productReference = 1656D18B2AFEA9D0005C72C9 /* POC_CustomizeYourOrder.app */;
			productType = "com.apple.product-type.application";
		};
		1656D1A02AFEA9D2005C72C9 /* POC_CustomizeYourOrderTests */ = {
			isa = PBXNativeTarget;
			buildConfigurationList = 1656D1B82AFEA9D2005C72C9 /* Build configuration list for PBXNativeTarget "POC_CustomizeYourOrderTests" */;
			buildPhases = (
				66FD06A6E76D3C6E8B3613D6 /* [CP] Check Pods Manifest.lock */,
				1656D19D2AFEA9D2005C72C9 /* Sources */,
				1656D19E2AFEA9D2005C72C9 /* Frameworks */,
				1656D19F2AFEA9D2005C72C9 /* Resources */,
			);
			buildRules = (
			);
			dependencies = (
				1656D1A32AFEA9D2005C72C9 /* PBXTargetDependency */,
			);
			name = POC_CustomizeYourOrderTests;
			productName = POC_CustomizeYourOrderTests;
			productReference = 1656D1A12AFEA9D2005C72C9 /* POC_CustomizeYourOrderTests.xctest */;
			productType = "com.apple.product-type.bundle.unit-test";
		};
		1656D1AA2AFEA9D2005C72C9 /* POC_CustomizeYourOrderUITests */ = {
			isa = PBXNativeTarget;
			buildConfigurationList = 1656D1BB2AFEA9D2005C72C9 /* Build configuration list for PBXNativeTarget "POC_CustomizeYourOrderUITests" */;
			buildPhases = (
				8BEDE670F622558B08CC4BF9 /* [CP] Check Pods Manifest.lock */,
				1656D1A72AFEA9D2005C72C9 /* Sources */,
				1656D1A82AFEA9D2005C72C9 /* Frameworks */,
				1656D1A92AFEA9D2005C72C9 /* Resources */,
				CF003FA5B7A3F0CF36551FCD /* [CP] Embed Pods Frameworks */,
			);
			buildRules = (
			);
			dependencies = (
				1656D1AD2AFEA9D2005C72C9 /* PBXTargetDependency */,
			);
			name = POC_CustomizeYourOrderUITests;
			productName = POC_CustomizeYourOrderUITests;
			productReference = 1656D1AB2AFEA9D2005C72C9 /* POC_CustomizeYourOrderUITests.xctest */;
			productType = "com.apple.product-type.bundle.ui-testing";
		};
/* End PBXNativeTarget section */

/* Begin PBXProject section */
		1656D1832AFEA9D0005C72C9 /* Project object */ = {
			isa = PBXProject;
			attributes = {
				BuildIndependentTargetsInParallel = 1;
				LastSwiftUpdateCheck = 1420;
				LastUpgradeCheck = 1420;
				TargetAttributes = {
					1656D18A2AFEA9D0005C72C9 = {
						CreatedOnToolsVersion = 14.2;
					};
					1656D1A02AFEA9D2005C72C9 = {
						CreatedOnToolsVersion = 14.2;
						TestTargetID = 1656D18A2AFEA9D0005C72C9;
					};
					1656D1AA2AFEA9D2005C72C9 = {
						CreatedOnToolsVersion = 14.2;
						TestTargetID = 1656D18A2AFEA9D0005C72C9;
					};
				};
			};
			buildConfigurationList = 1656D1862AFEA9D0005C72C9 /* Build configuration list for PBXProject "POC_CustomizeYourOrder" */;
			compatibilityVersion = "Xcode 14.0";
			developmentRegion = en;
			hasScannedForEncodings = 0;
			knownRegions = (
				en,
				Base,
			);
			mainGroup = 1656D1822AFEA9D0005C72C9;
			productRefGroup = 1656D18C2AFEA9D0005C72C9 /* Products */;
			projectDirPath = "";
			projectRoot = "";
			targets = (
				1656D18A2AFEA9D0005C72C9 /* POC_CustomizeYourOrder */,
				1656D1A02AFEA9D2005C72C9 /* POC_CustomizeYourOrderTests */,
				1656D1AA2AFEA9D2005C72C9 /* POC_CustomizeYourOrderUITests */,
			);
		};
/* End PBXProject section */

/* Begin PBXResourcesBuildPhase section */
		1656D1892AFEA9D0005C72C9 /* Resources */ = {
			isa = PBXResourcesBuildPhase;
			buildActionMask = 2147483647;
			files = (
				1656D19B2AFEA9D2005C72C9 /* LaunchScreen.storyboard in Resources */,
				1656D1982AFEA9D2005C72C9 /* Assets.xcassets in Resources */,
			);
			runOnlyForDeploymentPostprocessing = 0;
		};
		1656D19F2AFEA9D2005C72C9 /* Resources */ = {
			isa = PBXResourcesBuildPhase;
			buildActionMask = 2147483647;
			files = (
			);
			runOnlyForDeploymentPostprocessing = 0;
		};
		1656D1A92AFEA9D2005C72C9 /* Resources */ = {
			isa = PBXResourcesBuildPhase;
			buildActionMask = 2147483647;
			files = (
			);
			runOnlyForDeploymentPostprocessing = 0;
		};
/* End PBXResourcesBuildPhase section */

/* Begin PBXShellScriptBuildPhase section */
		2CCFC19FB55FC8EB0D3D0458 /* [CP] Check Pods Manifest.lock */ = {
			isa = PBXShellScriptBuildPhase;
			buildActionMask = 2147483647;
			files = (
			);
			inputFileListPaths = (
			);
			inputPaths = (
				"${PODS_PODFILE_DIR_PATH}/Podfile.lock",
				"${PODS_ROOT}/Manifest.lock",
			);
			name = "[CP] Check Pods Manifest.lock";
			outputFileListPaths = (
			);
			outputPaths = (
				"$(DERIVED_FILE_DIR)/Pods-POC_CustomizeYourOrder-checkManifestLockResult.txt",
			);
			runOnlyForDeploymentPostprocessing = 0;
			shellPath = /bin/sh;
			shellScript = "diff \"${PODS_PODFILE_DIR_PATH}/Podfile.lock\" \"${PODS_ROOT}/Manifest.lock\" > /dev/null\nif [ $? != 0 ] ; then\n    # print error to STDERR\n    echo \"error: The sandbox is not in sync with the Podfile.lock. Run 'pod install' or update your CocoaPods installation.\" >&2\n    exit 1\nfi\n# This output is used by Xcode 'outputs' to avoid re-running this script phase.\necho \"SUCCESS\" > \"${SCRIPT_OUTPUT_FILE_0}\"\n";
			showEnvVarsInLog = 0;
		};
		52548D903F75F8B745D9061B /* [CP] Embed Pods Frameworks */ = {
			isa = PBXShellScriptBuildPhase;
			buildActionMask = 2147483647;
			files = (
			);
			inputFileListPaths = (
				"${PODS_ROOT}/Target Support Files/Pods-POC_CustomizeYourOrder/Pods-POC_CustomizeYourOrder-frameworks-${CONFIGURATION}-input-files.xcfilelist",
			);
			name = "[CP] Embed Pods Frameworks";
			outputFileListPaths = (
				"${PODS_ROOT}/Target Support Files/Pods-POC_CustomizeYourOrder/Pods-POC_CustomizeYourOrder-frameworks-${CONFIGURATION}-output-files.xcfilelist",
			);
			runOnlyForDeploymentPostprocessing = 0;
			shellPath = /bin/sh;
			shellScript = "\"${PODS_ROOT}/Target Support Files/Pods-POC_CustomizeYourOrder/Pods-POC_CustomizeYourOrder-frameworks.sh\"\n";
			showEnvVarsInLog = 0;
		};
		66FD06A6E76D3C6E8B3613D6 /* [CP] Check Pods Manifest.lock */ = {
			isa = PBXShellScriptBuildPhase;
			buildActionMask = 2147483647;
			files = (
			);
			inputFileListPaths = (
			);
			inputPaths = (
				"${PODS_PODFILE_DIR_PATH}/Podfile.lock",
				"${PODS_ROOT}/Manifest.lock",
			);
			name = "[CP] Check Pods Manifest.lock";
			outputFileListPaths = (
			);
			outputPaths = (
				"$(DERIVED_FILE_DIR)/Pods-POC_CustomizeYourOrderTests-checkManifestLockResult.txt",
			);
			runOnlyForDeploymentPostprocessing = 0;
			shellPath = /bin/sh;
			shellScript = "diff \"${PODS_PODFILE_DIR_PATH}/Podfile.lock\" \"${PODS_ROOT}/Manifest.lock\" > /dev/null\nif [ $? != 0 ] ; then\n    # print error to STDERR\n    echo \"error: The sandbox is not in sync with the Podfile.lock. Run 'pod install' or update your CocoaPods installation.\" >&2\n    exit 1\nfi\n# This output is used by Xcode 'outputs' to avoid re-running this script phase.\necho \"SUCCESS\" > \"${SCRIPT_OUTPUT_FILE_0}\"\n";
			showEnvVarsInLog = 0;
		};
		8BEDE670F622558B08CC4BF9 /* [CP] Check Pods Manifest.lock */ = {
			isa = PBXShellScriptBuildPhase;
			buildActionMask = 2147483647;
			files = (
			);
			inputFileListPaths = (
			);
			inputPaths = (
				"${PODS_PODFILE_DIR_PATH}/Podfile.lock",
				"${PODS_ROOT}/Manifest.lock",
			);
			name = "[CP] Check Pods Manifest.lock";
			outputFileListPaths = (
			);
			outputPaths = (
				"$(DERIVED_FILE_DIR)/Pods-POC_CustomizeYourOrder-POC_CustomizeYourOrderUITests-checkManifestLockResult.txt",
			);
			runOnlyForDeploymentPostprocessing = 0;
			shellPath = /bin/sh;
			shellScript = "diff \"${PODS_PODFILE_DIR_PATH}/Podfile.lock\" \"${PODS_ROOT}/Manifest.lock\" > /dev/null\nif [ $? != 0 ] ; then\n    # print error to STDERR\n    echo \"error: The sandbox is not in sync with the Podfile.lock. Run 'pod install' or update your CocoaPods installation.\" >&2\n    exit 1\nfi\n# This output is used by Xcode 'outputs' to avoid re-running this script phase.\necho \"SUCCESS\" > \"${SCRIPT_OUTPUT_FILE_0}\"\n";
			showEnvVarsInLog = 0;
		};
		CF003FA5B7A3F0CF36551FCD /* [CP] Embed Pods Frameworks */ = {
			isa = PBXShellScriptBuildPhase;
			buildActionMask = 2147483647;
			files = (
			);
			inputFileListPaths = (
				"${PODS_ROOT}/Target Support Files/Pods-POC_CustomizeYourOrder-POC_CustomizeYourOrderUITests/Pods-POC_CustomizeYourOrder-POC_CustomizeYourOrderUITests-frameworks-${CONFIGURATION}-input-files.xcfilelist",
			);
			name = "[CP] Embed Pods Frameworks";
			outputFileListPaths = (
				"${PODS_ROOT}/Target Support Files/Pods-POC_CustomizeYourOrder-POC_CustomizeYourOrderUITests/Pods-POC_CustomizeYourOrder-POC_CustomizeYourOrderUITests-frameworks-${CONFIGURATION}-output-files.xcfilelist",
			);
			runOnlyForDeploymentPostprocessing = 0;
			shellPath = /bin/sh;
			shellScript = "\"${PODS_ROOT}/Target Support Files/Pods-POC_CustomizeYourOrder-POC_CustomizeYourOrderUITests/Pods-POC_CustomizeYourOrder-POC_CustomizeYourOrderUITests-frameworks.sh\"\n";
			showEnvVarsInLog = 0;
		};
/* End PBXShellScriptBuildPhase section */

/* Begin PBXSourcesBuildPhase section */
		1656D1872AFEA9D0005C72C9 /* Sources */ = {
			isa = PBXSourcesBuildPhase;
			buildActionMask = 2147483647;
			files = (
				1656D1C82AFEE677005C72C9 /* OrderView.swift in Sources */,
				1656D1CA2AFEE76F005C72C9 /* CodableView.swift in Sources */,
				1656D1932AFEA9D0005C72C9 /* OrderViewController.swift in Sources */,
				1656D18F2AFEA9D0005C72C9 /* AppDelegate.swift in Sources */,
				1656D1D72AFF2C2E005C72C9 /* String+Extension.swift in Sources */,
				1656D1D52AFF284D005C72C9 /* TitleSectionView.swift in Sources */,
			);
			runOnlyForDeploymentPostprocessing = 0;
		};
		1656D19D2AFEA9D2005C72C9 /* Sources */ = {
			isa = PBXSourcesBuildPhase;
			buildActionMask = 2147483647;
			files = (
				1656D1A62AFEA9D2005C72C9 /* POC_CustomizeYourOrderTests.swift in Sources */,
			);
			runOnlyForDeploymentPostprocessing = 0;
		};
		1656D1A72AFEA9D2005C72C9 /* Sources */ = {
			isa = PBXSourcesBuildPhase;
			buildActionMask = 2147483647;
			files = (
				1656D1B02AFEA9D2005C72C9 /* POC_CustomizeYourOrderUITests.swift in Sources */,
				1656D1B22AFEA9D2005C72C9 /* POC_CustomizeYourOrderUITestsLaunchTests.swift in Sources */,
			);
			runOnlyForDeploymentPostprocessing = 0;
		};
/* End PBXSourcesBuildPhase section */

/* Begin PBXTargetDependency section */
		1656D1A32AFEA9D2005C72C9 /* PBXTargetDependency */ = {
			isa = PBXTargetDependency;
			target = 1656D18A2AFEA9D0005C72C9 /* POC_CustomizeYourOrder */;
			targetProxy = 1656D1A22AFEA9D2005C72C9 /* PBXContainerItemProxy */;
		};
		1656D1AD2AFEA9D2005C72C9 /* PBXTargetDependency */ = {
			isa = PBXTargetDependency;
			target = 1656D18A2AFEA9D0005C72C9 /* POC_CustomizeYourOrder */;
			targetProxy = 1656D1AC2AFEA9D2005C72C9 /* PBXContainerItemProxy */;
		};
/* End PBXTargetDependency section */

/* Begin PBXVariantGroup section */
		1656D1992AFEA9D2005C72C9 /* LaunchScreen.storyboard */ = {
			isa = PBXVariantGroup;
			children = (
				1656D19A2AFEA9D2005C72C9 /* Base */,
			);
			name = LaunchScreen.storyboard;
			sourceTree = "<group>";
		};
/* End PBXVariantGroup section */

/* Begin XCBuildConfiguration section */
		1656D1B32AFEA9D2005C72C9 /* Debug */ = {
			isa = XCBuildConfiguration;
			buildSettings = {
				ALWAYS_SEARCH_USER_PATHS = NO;
				CLANG_ANALYZER_NONNULL = YES;
				CLANG_ANALYZER_NUMBER_OBJECT_CONVERSION = YES_AGGRESSIVE;
				CLANG_CXX_LANGUAGE_STANDARD = "gnu++20";
				CLANG_ENABLE_MODULES = YES;
				CLANG_ENABLE_OBJC_ARC = YES;
				CLANG_ENABLE_OBJC_WEAK = YES;
				CLANG_WARN_BLOCK_CAPTURE_AUTORELEASING = YES;
				CLANG_WARN_BOOL_CONVERSION = YES;
				CLANG_WARN_COMMA = YES;
				CLANG_WARN_CONSTANT_CONVERSION = YES;
				CLANG_WARN_DEPRECATED_OBJC_IMPLEMENTATIONS = YES;
				CLANG_WARN_DIRECT_OBJC_ISA_USAGE = YES_ERROR;
				CLANG_WARN_DOCUMENTATION_COMMENTS = YES;
				CLANG_WARN_EMPTY_BODY = YES;
				CLANG_WARN_ENUM_CONVERSION = YES;
				CLANG_WARN_INFINITE_RECURSION = YES;
				CLANG_WARN_INT_CONVERSION = YES;
				CLANG_WARN_NON_LITERAL_NULL_CONVERSION = YES;
				CLANG_WARN_OBJC_IMPLICIT_RETAIN_SELF = YES;
				CLANG_WARN_OBJC_LITERAL_CONVERSION = YES;
				CLANG_WARN_OBJC_ROOT_CLASS = YES_ERROR;
				CLANG_WARN_QUOTED_INCLUDE_IN_FRAMEWORK_HEADER = YES;
				CLANG_WARN_RANGE_LOOP_ANALYSIS = YES;
				CLANG_WARN_STRICT_PROTOTYPES = YES;
				CLANG_WARN_SUSPICIOUS_MOVE = YES;
				CLANG_WARN_UNGUARDED_AVAILABILITY = YES_AGGRESSIVE;
				CLANG_WARN_UNREACHABLE_CODE = YES;
				CLANG_WARN__DUPLICATE_METHOD_MATCH = YES;
				COPY_PHASE_STRIP = NO;
				DEBUG_INFORMATION_FORMAT = dwarf;
				ENABLE_STRICT_OBJC_MSGSEND = YES;
				ENABLE_TESTABILITY = YES;
				GCC_C_LANGUAGE_STANDARD = gnu11;
				GCC_DYNAMIC_NO_PIC = NO;
				GCC_NO_COMMON_BLOCKS = YES;
				GCC_OPTIMIZATION_LEVEL = 0;
				GCC_PREPROCESSOR_DEFINITIONS = (
					"DEBUG=1",
					"$(inherited)",
				);
				GCC_WARN_64_TO_32_BIT_CONVERSION = YES;
				GCC_WARN_ABOUT_RETURN_TYPE = YES_ERROR;
				GCC_WARN_UNDECLARED_SELECTOR = YES;
				GCC_WARN_UNINITIALIZED_AUTOS = YES_AGGRESSIVE;
				GCC_WARN_UNUSED_FUNCTION = YES;
				GCC_WARN_UNUSED_VARIABLE = YES;
				IPHONEOS_DEPLOYMENT_TARGET = 16.2;
				MTL_ENABLE_DEBUG_INFO = INCLUDE_SOURCE;
				MTL_FAST_MATH = YES;
				ONLY_ACTIVE_ARCH = YES;
				SDKROOT = iphoneos;
				SWIFT_ACTIVE_COMPILATION_CONDITIONS = DEBUG;
				SWIFT_OPTIMIZATION_LEVEL = "-Onone";
			};
			name = Debug;
		};
		1656D1B42AFEA9D2005C72C9 /* Release */ = {
			isa = XCBuildConfiguration;
			buildSettings = {
				ALWAYS_SEARCH_USER_PATHS = NO;
				CLANG_ANALYZER_NONNULL = YES;
				CLANG_ANALYZER_NUMBER_OBJECT_CONVERSION = YES_AGGRESSIVE;
				CLANG_CXX_LANGUAGE_STANDARD = "gnu++20";
				CLANG_ENABLE_MODULES = YES;
				CLANG_ENABLE_OBJC_ARC = YES;
				CLANG_ENABLE_OBJC_WEAK = YES;
				CLANG_WARN_BLOCK_CAPTURE_AUTORELEASING = YES;
				CLANG_WARN_BOOL_CONVERSION = YES;
				CLANG_WARN_COMMA = YES;
				CLANG_WARN_CONSTANT_CONVERSION = YES;
				CLANG_WARN_DEPRECATED_OBJC_IMPLEMENTATIONS = YES;
				CLANG_WARN_DIRECT_OBJC_ISA_USAGE = YES_ERROR;
				CLANG_WARN_DOCUMENTATION_COMMENTS = YES;
				CLANG_WARN_EMPTY_BODY = YES;
				CLANG_WARN_ENUM_CONVERSION = YES;
				CLANG_WARN_INFINITE_RECURSION = YES;
				CLANG_WARN_INT_CONVERSION = YES;
				CLANG_WARN_NON_LITERAL_NULL_CONVERSION = YES;
				CLANG_WARN_OBJC_IMPLICIT_RETAIN_SELF = YES;
				CLANG_WARN_OBJC_LITERAL_CONVERSION = YES;
				CLANG_WARN_OBJC_ROOT_CLASS = YES_ERROR;
				CLANG_WARN_QUOTED_INCLUDE_IN_FRAMEWORK_HEADER = YES;
				CLANG_WARN_RANGE_LOOP_ANALYSIS = YES;
				CLANG_WARN_STRICT_PROTOTYPES = YES;
				CLANG_WARN_SUSPICIOUS_MOVE = YES;
				CLANG_WARN_UNGUARDED_AVAILABILITY = YES_AGGRESSIVE;
				CLANG_WARN_UNREACHABLE_CODE = YES;
				CLANG_WARN__DUPLICATE_METHOD_MATCH = YES;
				COPY_PHASE_STRIP = NO;
				DEBUG_INFORMATION_FORMAT = "dwarf-with-dsym";
				ENABLE_NS_ASSERTIONS = NO;
				ENABLE_STRICT_OBJC_MSGSEND = YES;
				GCC_C_LANGUAGE_STANDARD = gnu11;
				GCC_NO_COMMON_BLOCKS = YES;
				GCC_WARN_64_TO_32_BIT_CONVERSION = YES;
				GCC_WARN_ABOUT_RETURN_TYPE = YES_ERROR;
				GCC_WARN_UNDECLARED_SELECTOR = YES;
				GCC_WARN_UNINITIALIZED_AUTOS = YES_AGGRESSIVE;
				GCC_WARN_UNUSED_FUNCTION = YES;
				GCC_WARN_UNUSED_VARIABLE = YES;
				IPHONEOS_DEPLOYMENT_TARGET = 16.2;
				MTL_ENABLE_DEBUG_INFO = NO;
				MTL_FAST_MATH = YES;
				SDKROOT = iphoneos;
				SWIFT_COMPILATION_MODE = wholemodule;
				SWIFT_OPTIMIZATION_LEVEL = "-O";
				VALIDATE_PRODUCT = YES;
			};
			name = Release;
		};
		1656D1B62AFEA9D2005C72C9 /* Debug */ = {
			isa = XCBuildConfiguration;
			baseConfigurationReference = C9D582843BACF9A661213A1F /* Pods-POC_CustomizeYourOrder.debug.xcconfig */;
			buildSettings = {
				ASSETCATALOG_COMPILER_APPICON_NAME = AppIcon;
				ASSETCATALOG_COMPILER_GLOBAL_ACCENT_COLOR_NAME = AccentColor;
				CODE_SIGN_STYLE = Automatic;
				CURRENT_PROJECT_VERSION = 1;
				GENERATE_INFOPLIST_FILE = YES;
				INFOPLIST_FILE = POC_CustomizeYourOrder/Info.plist;
				INFOPLIST_KEY_UIApplicationSupportsIndirectInputEvents = YES;
				INFOPLIST_KEY_UILaunchStoryboardName = LaunchScreen;
				INFOPLIST_KEY_UISupportedInterfaceOrientations_iPad = "UIInterfaceOrientationPortrait UIInterfaceOrientationPortraitUpsideDown UIInterfaceOrientationLandscapeLeft UIInterfaceOrientationLandscapeRight";
				INFOPLIST_KEY_UISupportedInterfaceOrientations_iPhone = "UIInterfaceOrientationPortrait UIInterfaceOrientationLandscapeLeft UIInterfaceOrientationLandscapeRight";
				LD_RUNPATH_SEARCH_PATHS = (
					"$(inherited)",
					"@executable_path/Frameworks",
				);
				MARKETING_VERSION = 1.0;
				PRODUCT_BUNDLE_IDENTIFIER = "morona.POC-CustomizeYourOrder";
				PRODUCT_NAME = "$(TARGET_NAME)";
				SUPPORTED_PLATFORMS = "iphoneos iphonesimulator";
				SUPPORTS_MACCATALYST = NO;
				SUPPORTS_MAC_DESIGNED_FOR_IPHONE_IPAD = NO;
				SWIFT_EMIT_LOC_STRINGS = YES;
				SWIFT_VERSION = 5.0;
				TARGETED_DEVICE_FAMILY = "1,2";
			};
			name = Debug;
		};
		1656D1B72AFEA9D2005C72C9 /* Release */ = {
			isa = XCBuildConfiguration;
			baseConfigurationReference = 00915A23781F0BB2F761E55E /* Pods-POC_CustomizeYourOrder.release.xcconfig */;
			buildSettings = {
				ASSETCATALOG_COMPILER_APPICON_NAME = AppIcon;
				ASSETCATALOG_COMPILER_GLOBAL_ACCENT_COLOR_NAME = AccentColor;
				CODE_SIGN_STYLE = Automatic;
				CURRENT_PROJECT_VERSION = 1;
				GENERATE_INFOPLIST_FILE = YES;
				INFOPLIST_FILE = POC_CustomizeYourOrder/Info.plist;
				INFOPLIST_KEY_UIApplicationSupportsIndirectInputEvents = YES;
				INFOPLIST_KEY_UILaunchStoryboardName = LaunchScreen;
				INFOPLIST_KEY_UISupportedInterfaceOrientations_iPad = "UIInterfaceOrientationPortrait UIInterfaceOrientationPortraitUpsideDown UIInterfaceOrientationLandscapeLeft UIInterfaceOrientationLandscapeRight";
				INFOPLIST_KEY_UISupportedInterfaceOrientations_iPhone = "UIInterfaceOrientationPortrait UIInterfaceOrientationLandscapeLeft UIInterfaceOrientationLandscapeRight";
				LD_RUNPATH_SEARCH_PATHS = (
					"$(inherited)",
					"@executable_path/Frameworks",
				);
				MARKETING_VERSION = 1.0;
				PRODUCT_BUNDLE_IDENTIFIER = "morona.POC-CustomizeYourOrder";
				PRODUCT_NAME = "$(TARGET_NAME)";
				SUPPORTED_PLATFORMS = "iphoneos iphonesimulator";
				SUPPORTS_MACCATALYST = NO;
				SUPPORTS_MAC_DESIGNED_FOR_IPHONE_IPAD = NO;
				SWIFT_EMIT_LOC_STRINGS = YES;
				SWIFT_VERSION = 5.0;
				TARGETED_DEVICE_FAMILY = "1,2";
			};
			name = Release;
		};
		1656D1B92AFEA9D2005C72C9 /* Debug */ = {
			isa = XCBuildConfiguration;
			baseConfigurationReference = C42AA3F6F4ABC784D569061C /* Pods-POC_CustomizeYourOrderTests.debug.xcconfig */;
			buildSettings = {
				ALWAYS_EMBED_SWIFT_STANDARD_LIBRARIES = YES;
				BUNDLE_LOADER = "$(TEST_HOST)";
				CODE_SIGN_STYLE = Automatic;
				CURRENT_PROJECT_VERSION = 1;
				GENERATE_INFOPLIST_FILE = YES;
				IPHONEOS_DEPLOYMENT_TARGET = 16.2;
				MARKETING_VERSION = 1.0;
				PRODUCT_BUNDLE_IDENTIFIER = "morona.POC-CustomizeYourOrderTests";
				PRODUCT_NAME = "$(TARGET_NAME)";
				SWIFT_EMIT_LOC_STRINGS = NO;
				SWIFT_VERSION = 5.0;
				TARGETED_DEVICE_FAMILY = "1,2";
				TEST_HOST = "$(BUILT_PRODUCTS_DIR)/POC_CustomizeYourOrder.app/$(BUNDLE_EXECUTABLE_FOLDER_PATH)/POC_CustomizeYourOrder";
			};
			name = Debug;
		};
		1656D1BA2AFEA9D2005C72C9 /* Release */ = {
			isa = XCBuildConfiguration;
			baseConfigurationReference = 05445939AC187F367DAFCAE2 /* Pods-POC_CustomizeYourOrderTests.release.xcconfig */;
			buildSettings = {
				ALWAYS_EMBED_SWIFT_STANDARD_LIBRARIES = YES;
				BUNDLE_LOADER = "$(TEST_HOST)";
				CODE_SIGN_STYLE = Automatic;
				CURRENT_PROJECT_VERSION = 1;
				GENERATE_INFOPLIST_FILE = YES;
				IPHONEOS_DEPLOYMENT_TARGET = 16.2;
				MARKETING_VERSION = 1.0;
				PRODUCT_BUNDLE_IDENTIFIER = "morona.POC-CustomizeYourOrderTests";
				PRODUCT_NAME = "$(TARGET_NAME)";
				SWIFT_EMIT_LOC_STRINGS = NO;
				SWIFT_VERSION = 5.0;
				TARGETED_DEVICE_FAMILY = "1,2";
				TEST_HOST = "$(BUILT_PRODUCTS_DIR)/POC_CustomizeYourOrder.app/$(BUNDLE_EXECUTABLE_FOLDER_PATH)/POC_CustomizeYourOrder";
			};
			name = Release;
		};
		1656D1BC2AFEA9D2005C72C9 /* Debug */ = {
			isa = XCBuildConfiguration;
			baseConfigurationReference = 70C28E5679813FBA0029C5F6 /* Pods-POC_CustomizeYourOrder-POC_CustomizeYourOrderUITests.debug.xcconfig */;
			buildSettings = {
				ALWAYS_EMBED_SWIFT_STANDARD_LIBRARIES = YES;
				CODE_SIGN_STYLE = Automatic;
				CURRENT_PROJECT_VERSION = 1;
				GENERATE_INFOPLIST_FILE = YES;
				MARKETING_VERSION = 1.0;
				PRODUCT_BUNDLE_IDENTIFIER = "morona.POC-CustomizeYourOrderUITests";
				PRODUCT_NAME = "$(TARGET_NAME)";
				SWIFT_EMIT_LOC_STRINGS = NO;
				SWIFT_VERSION = 5.0;
				TARGETED_DEVICE_FAMILY = "1,2";
				TEST_TARGET_NAME = POC_CustomizeYourOrder;
			};
			name = Debug;
		};
		1656D1BD2AFEA9D2005C72C9 /* Release */ = {
			isa = XCBuildConfiguration;
			baseConfigurationReference = 163E45F3F6B0D25F7127C35E /* Pods-POC_CustomizeYourOrder-POC_CustomizeYourOrderUITests.release.xcconfig */;
			buildSettings = {
				ALWAYS_EMBED_SWIFT_STANDARD_LIBRARIES = YES;
				CODE_SIGN_STYLE = Automatic;
				CURRENT_PROJECT_VERSION = 1;
				GENERATE_INFOPLIST_FILE = YES;
				MARKETING_VERSION = 1.0;
				PRODUCT_BUNDLE_IDENTIFIER = "morona.POC-CustomizeYourOrderUITests";
				PRODUCT_NAME = "$(TARGET_NAME)";
				SWIFT_EMIT_LOC_STRINGS = NO;
				SWIFT_VERSION = 5.0;
				TARGETED_DEVICE_FAMILY = "1,2";
				TEST_TARGET_NAME = POC_CustomizeYourOrder;
			};
			name = Release;
		};
/* End XCBuildConfiguration section */

/* Begin XCConfigurationList section */
		1656D1862AFEA9D0005C72C9 /* Build configuration list for PBXProject "POC_CustomizeYourOrder" */ = {
			isa = XCConfigurationList;
			buildConfigurations = (
				1656D1B32AFEA9D2005C72C9 /* Debug */,
				1656D1B42AFEA9D2005C72C9 /* Release */,
			);
			defaultConfigurationIsVisible = 0;
			defaultConfigurationName = Release;
		};
		1656D1B52AFEA9D2005C72C9 /* Build configuration list for PBXNativeTarget "POC_CustomizeYourOrder" */ = {
			isa = XCConfigurationList;
			buildConfigurations = (
				1656D1B62AFEA9D2005C72C9 /* Debug */,
				1656D1B72AFEA9D2005C72C9 /* Release */,
			);
			defaultConfigurationIsVisible = 0;
			defaultConfigurationName = Release;
		};
		1656D1B82AFEA9D2005C72C9 /* Build configuration list for PBXNativeTarget "POC_CustomizeYourOrderTests" */ = {
			isa = XCConfigurationList;
			buildConfigurations = (
				1656D1B92AFEA9D2005C72C9 /* Debug */,
				1656D1BA2AFEA9D2005C72C9 /* Release */,
			);
			defaultConfigurationIsVisible = 0;
			defaultConfigurationName = Release;
		};
		1656D1BB2AFEA9D2005C72C9 /* Build configuration list for PBXNativeTarget "POC_CustomizeYourOrderUITests" */ = {
			isa = XCConfigurationList;
			buildConfigurations = (
				1656D1BC2AFEA9D2005C72C9 /* Debug */,
				1656D1BD2AFEA9D2005C72C9 /* Release */,
			);
			defaultConfigurationIsVisible = 0;
			defaultConfigurationName = Release;
		};
/* End XCConfigurationList section */
	};
	rootObject = 1656D1832AFEA9D0005C72C9 /* Project object */;
}
